// !$*UTF8*$!
{
	archiveVersion = 1;
	classes = {
	};
	objectVersion = 50;
	objects = {

/* Begin PBXBuildFile section */
		A41D3D9C2163855C00CD242C /* MinutelyWetherData.swift in Sources */ = {isa = PBXBuildFile; fileRef = A41D3D9B2163855C00CD242C /* MinutelyWetherData.swift */; };
		A41D3D9F216387EE00CD242C /* DailyWetherData.swift in Sources */ = {isa = PBXBuildFile; fileRef = A41D3D9D216387EE00CD242C /* DailyWetherData.swift */; };
		A41D3DA0216387EE00CD242C /* HourlyWetherData.swift in Sources */ = {isa = PBXBuildFile; fileRef = A41D3D9E216387EE00CD242C /* HourlyWetherData.swift */; };
		A41D3DA3216388A400CD242C /* MoyaService.swift in Sources */ = {isa = PBXBuildFile; fileRef = A41D3DA2216388A400CD242C /* MoyaService.swift */; };
		A41D3DA521638A1500CD242C /* String+Encoding.swift in Sources */ = {isa = PBXBuildFile; fileRef = A41D3DA421638A1500CD242C /* String+Encoding.swift */; };
		A41D3DA721638B6900CD242C /* MoyaPlugin.swift in Sources */ = {isa = PBXBuildFile; fileRef = A41D3DA621638B6900CD242C /* MoyaPlugin.swift */; };
		A41D3DA921638E1100CD242C /* Optional+Unwraping.swift in Sources */ = {isa = PBXBuildFile; fileRef = A41D3DA821638E1100CD242C /* Optional+Unwraping.swift */; };
		A46CEFFA216DDBB000FF20AF /* TestTableViewCell.swift in Sources */ = {isa = PBXBuildFile; fileRef = A46CEFF8216DDBB000FF20AF /* TestTableViewCell.swift */; };
		A46CEFFB216DDBB000FF20AF /* TestTableViewCell.xib in Resources */ = {isa = PBXBuildFile; fileRef = A46CEFF9216DDBB000FF20AF /* TestTableViewCell.xib */; };
		A46CEFFD216E0F3500FF20AF /* TestCellModel.swift in Sources */ = {isa = PBXBuildFile; fileRef = A46CEFFC216E0F3400FF20AF /* TestCellModel.swift */; };
		A46CEFFF2170714400FF20AF /* CustomPushTransition.swift in Sources */ = {isa = PBXBuildFile; fileRef = A46CEFFE2170714400FF20AF /* CustomPushTransition.swift */; };
		A46CF0022170773F00FF20AF /* VidoPreviewViewController.swift in Sources */ = {isa = PBXBuildFile; fileRef = A46CF0002170773F00FF20AF /* VidoPreviewViewController.swift */; };
		A46CF0032170773F00FF20AF /* VidoPreviewViewController.xib in Resources */ = {isa = PBXBuildFile; fileRef = A46CF0012170773F00FF20AF /* VidoPreviewViewController.xib */; };
		A46CF00521707A9400FF20AF /* VideoPreviewViewModel.swift in Sources */ = {isa = PBXBuildFile; fileRef = A46CF00421707A9400FF20AF /* VideoPreviewViewModel.swift */; };
		A46CF00721707AFF00FF20AF /* BaseViewModeling.swift in Sources */ = {isa = PBXBuildFile; fileRef = A46CF00621707AFF00FF20AF /* BaseViewModeling.swift */; };
		A47E72EB2164966E00303F19 /* MinutelyCell.swift in Sources */ = {isa = PBXBuildFile; fileRef = A47E72E92164966E00303F19 /* MinutelyCell.swift */; };
		A47E72EC2164966E00303F19 /* MinutelyCell.xib in Resources */ = {isa = PBXBuildFile; fileRef = A47E72EA2164966E00303F19 /* MinutelyCell.xib */; };
		A47E72EE216499F300303F19 /* UIView+Localization.swift in Sources */ = {isa = PBXBuildFile; fileRef = A47E72ED216499F300303F19 /* UIView+Localization.swift */; };
		A47E72F021649A5700303F19 /* LanguageManager.swift in Sources */ = {isa = PBXBuildFile; fileRef = A47E72EF21649A5700303F19 /* LanguageManager.swift */; };
		A47E72F321649FCC00303F19 /* TableViewCell+ReuseIdentifier.swift in Sources */ = {isa = PBXBuildFile; fileRef = A47E72F221649FCC00303F19 /* TableViewCell+ReuseIdentifier.swift */; };
		A47E72F62164AC0500303F19 /* MinutelyCellListViewModel.swift in Sources */ = {isa = PBXBuildFile; fileRef = A47E72F52164AC0500303F19 /* MinutelyCellListViewModel.swift */; };
		A47E72F92164B25600303F19 /* BaseVC.swift in Sources */ = {isa = PBXBuildFile; fileRef = A47E72F82164B25600303F19 /* BaseVC.swift */; };
		A47E72FB2164B7F900303F19 /* MinutelyCellViewModel.swift in Sources */ = {isa = PBXBuildFile; fileRef = A47E72FA2164B7F900303F19 /* MinutelyCellViewModel.swift */; };
		A47E72FD2164D0E100303F19 /* UIActivityIndicatorView+Loading.swift in Sources */ = {isa = PBXBuildFile; fileRef = A47E72FC2164D0E100303F19 /* UIActivityIndicatorView+Loading.swift */; };
		A47E72FF2164E4F800303F19 /* MinutelyDataRepository.swift in Sources */ = {isa = PBXBuildFile; fileRef = A47E72FE2164E4F800303F19 /* MinutelyDataRepository.swift */; };
		A47E7302216736C400303F19 /* TestViewController.swift in Sources */ = {isa = PBXBuildFile; fileRef = A47E7301216736C400303F19 /* TestViewController.swift */; };
		A47E73042167373200303F19 /* TestModel.swift in Sources */ = {isa = PBXBuildFile; fileRef = A47E73032167373200303F19 /* TestModel.swift */; };
		A47E73062167375300303F19 /* TestViewModel.swift in Sources */ = {isa = PBXBuildFile; fileRef = A47E73052167375300303F19 /* TestViewModel.swift */; };
		A47E73082167375E00303F19 /* TestRepo.swift in Sources */ = {isa = PBXBuildFile; fileRef = A47E73072167375E00303F19 /* TestRepo.swift */; };
		A4C200DF21633DD100BCAA6C /* AppDelegate.swift in Sources */ = {isa = PBXBuildFile; fileRef = A4C200DE21633DD100BCAA6C /* AppDelegate.swift */; };
		A4C200E121633DD100BCAA6C /* ViewController.swift in Sources */ = {isa = PBXBuildFile; fileRef = A4C200E021633DD100BCAA6C /* ViewController.swift */; };
		A4C200E421633DD100BCAA6C /* Main.storyboard in Resources */ = {isa = PBXBuildFile; fileRef = A4C200E221633DD100BCAA6C /* Main.storyboard */; };
		A4C200E621633DD300BCAA6C /* Assets.xcassets in Resources */ = {isa = PBXBuildFile; fileRef = A4C200E521633DD300BCAA6C /* Assets.xcassets */; };
		A4C200E921633DD300BCAA6C /* LaunchScreen.storyboard in Resources */ = {isa = PBXBuildFile; fileRef = A4C200E721633DD300BCAA6C /* LaunchScreen.storyboard */; };
		A4C200F42163439800BCAA6C /* JSONDecoder+MultipleLevels.swift in Sources */ = {isa = PBXBuildFile; fileRef = A4C200F32163439800BCAA6C /* JSONDecoder+MultipleLevels.swift */; };
		A4C200FD2163497500BCAA6C /* Flags.swift in Sources */ = {isa = PBXBuildFile; fileRef = A4C200FC2163497500BCAA6C /* Flags.swift */; };
		A4C200FF21634E9E00BCAA6C /* SimpleWeatherProtocol.swift in Sources */ = {isa = PBXBuildFile; fileRef = A4C200FE21634E9E00BCAA6C /* SimpleWeatherProtocol.swift */; };
		A4C2010221634FC200BCAA6C /* HourlyWeatherProtocol.swift in Sources */ = {isa = PBXBuildFile; fileRef = A4C2010121634FC200BCAA6C /* HourlyWeatherProtocol.swift */; };
		A4C20104216351A000BCAA6C /* DailyWeatherProtocol.swift in Sources */ = {isa = PBXBuildFile; fileRef = A4C20103216351A000BCAA6C /* DailyWeatherProtocol.swift */; };
		A4C201072163583600BCAA6C /* CurrentWeather.swift in Sources */ = {isa = PBXBuildFile; fileRef = A4C201062163583600BCAA6C /* CurrentWeather.swift */; };
		A4C2010921635C3000BCAA6C /* MinutelyWeather.swift in Sources */ = {isa = PBXBuildFile; fileRef = A4C2010821635C3000BCAA6C /* MinutelyWeather.swift */; };
		A4C2010B21635DE500BCAA6C /* HourlyWeather.swift in Sources */ = {isa = PBXBuildFile; fileRef = A4C2010A21635DE500BCAA6C /* HourlyWeather.swift */; };
		A4C2010D21635E8200BCAA6C /* DailyWeather.swift in Sources */ = {isa = PBXBuildFile; fileRef = A4C2010C21635E8200BCAA6C /* DailyWeather.swift */; };
		A4C2011021636A1800BCAA6C /* DataRepository.swift in Sources */ = {isa = PBXBuildFile; fileRef = A4C2010F21636A1800BCAA6C /* DataRepository.swift */; };
		A4C20112216380F400BCAA6C /* WetherData.swift in Sources */ = {isa = PBXBuildFile; fileRef = A4C20111216380F400BCAA6C /* WetherData.swift */; };
		A4C201142163841100BCAA6C /* SimpleTimelyWetherProtocol.swift in Sources */ = {isa = PBXBuildFile; fileRef = A4C201132163841100BCAA6C /* SimpleTimelyWetherProtocol.swift */; };
		A4FDDC1A2170DFE900FFED13 /* CustomInteractor.swift in Sources */ = {isa = PBXBuildFile; fileRef = A4FDDC192170DFE900FFED13 /* CustomInteractor.swift */; };
		A4FF2C82217489CF00759F00 /* TestDataModel.xcdatamodeld in Sources */ = {isa = PBXBuildFile; fileRef = A4FF2C80217489CF00759F00 /* TestDataModel.xcdatamodeld */; };
		A4FF2C902174A7C200759F00 /* CoreDataManager.swift in Sources */ = {isa = PBXBuildFile; fileRef = A4FF2C8F2174A7C200759F00 /* CoreDataManager.swift */; };
		A4FF2C952174B64500759F00 /* Reachability.swift in Sources */ = {isa = PBXBuildFile; fileRef = A4FF2C932174B64500759F00 /* Reachability.swift */; };
		A4FF2C962174B64500759F00 /* ReachabilityService.swift in Sources */ = {isa = PBXBuildFile; fileRef = A4FF2C942174B64500759F00 /* ReachabilityService.swift */; };
		A4FF2C982174D6AC00759F00 /* Video+CoreDataProperties.swift in Sources */ = {isa = PBXBuildFile; fileRef = A4FF2C972174D6AC00759F00 /* Video+CoreDataProperties.swift */; };
		A4FF2C9A2174D6C500759F00 /* Video+CoreDataClass.swift in Sources */ = {isa = PBXBuildFile; fileRef = A4FF2C992174D6C500759F00 /* Video+CoreDataClass.swift */; };
		A4FF2C9C2174D6DB00759F00 /* ThumbnailSize+CoreDataProperties.swift in Sources */ = {isa = PBXBuildFile; fileRef = A4FF2C9B2174D6DB00759F00 /* ThumbnailSize+CoreDataProperties.swift */; };
		A4FF2C9E2174D6E200759F00 /* ThumbnailSize+CoreDataClass.swift in Sources */ = {isa = PBXBuildFile; fileRef = A4FF2C9D2174D6E200759F00 /* ThumbnailSize+CoreDataClass.swift */; };
		A4FF2CA02174D70300759F00 /* Creator+CoreDataProperties.swift in Sources */ = {isa = PBXBuildFile; fileRef = A4FF2C9F2174D70200759F00 /* Creator+CoreDataProperties.swift */; };
		A4FF2CA22174D70A00759F00 /* Creator+CoreDataClass.swift in Sources */ = {isa = PBXBuildFile; fileRef = A4FF2CA12174D70A00759F00 /* Creator+CoreDataClass.swift */; };
		AA34A0BB9EE425AD2B5D6F18 /* Pods_Wether.framework in Frameworks */ = {isa = PBXBuildFile; fileRef = 2657E9FEE897D5591A5D829C /* Pods_Wether.framework */; };
/* End PBXBuildFile section */

/* Begin PBXFileReference section */
		2657E9FEE897D5591A5D829C /* Pods_Wether.framework */ = {isa = PBXFileReference; explicitFileType = wrapper.framework; includeInIndex = 0; path = Pods_Wether.framework; sourceTree = BUILT_PRODUCTS_DIR; };
		A41D3D9B2163855C00CD242C /* MinutelyWetherData.swift */ = {isa = PBXFileReference; fileEncoding = 4; lastKnownFileType = sourcecode.swift; path = MinutelyWetherData.swift; sourceTree = "<group>"; };
		A41D3D9D216387EE00CD242C /* DailyWetherData.swift */ = {isa = PBXFileReference; fileEncoding = 4; lastKnownFileType = sourcecode.swift; path = DailyWetherData.swift; sourceTree = "<group>"; };
		A41D3D9E216387EE00CD242C /* HourlyWetherData.swift */ = {isa = PBXFileReference; fileEncoding = 4; lastKnownFileType = sourcecode.swift; path = HourlyWetherData.swift; sourceTree = "<group>"; };
		A41D3DA2216388A400CD242C /* MoyaService.swift */ = {isa = PBXFileReference; lastKnownFileType = sourcecode.swift; path = MoyaService.swift; sourceTree = "<group>"; };
		A41D3DA421638A1500CD242C /* String+Encoding.swift */ = {isa = PBXFileReference; lastKnownFileType = sourcecode.swift; path = "String+Encoding.swift"; sourceTree = "<group>"; };
		A41D3DA621638B6900CD242C /* MoyaPlugin.swift */ = {isa = PBXFileReference; lastKnownFileType = sourcecode.swift; path = MoyaPlugin.swift; sourceTree = "<group>"; };
		A41D3DA821638E1100CD242C /* Optional+Unwraping.swift */ = {isa = PBXFileReference; lastKnownFileType = sourcecode.swift; path = "Optional+Unwraping.swift"; sourceTree = "<group>"; };
		A46CEFF8216DDBB000FF20AF /* TestTableViewCell.swift */ = {isa = PBXFileReference; lastKnownFileType = sourcecode.swift; path = TestTableViewCell.swift; sourceTree = "<group>"; };
		A46CEFF9216DDBB000FF20AF /* TestTableViewCell.xib */ = {isa = PBXFileReference; lastKnownFileType = file.xib; path = TestTableViewCell.xib; sourceTree = "<group>"; };
		A46CEFFC216E0F3400FF20AF /* TestCellModel.swift */ = {isa = PBXFileReference; lastKnownFileType = sourcecode.swift; path = TestCellModel.swift; sourceTree = "<group>"; };
		A46CEFFE2170714400FF20AF /* CustomPushTransition.swift */ = {isa = PBXFileReference; lastKnownFileType = sourcecode.swift; path = CustomPushTransition.swift; sourceTree = "<group>"; };
		A46CF0002170773F00FF20AF /* VidoPreviewViewController.swift */ = {isa = PBXFileReference; lastKnownFileType = sourcecode.swift; path = VidoPreviewViewController.swift; sourceTree = "<group>"; };
		A46CF0012170773F00FF20AF /* VidoPreviewViewController.xib */ = {isa = PBXFileReference; lastKnownFileType = file.xib; path = VidoPreviewViewController.xib; sourceTree = "<group>"; };
		A46CF00421707A9400FF20AF /* VideoPreviewViewModel.swift */ = {isa = PBXFileReference; lastKnownFileType = sourcecode.swift; path = VideoPreviewViewModel.swift; sourceTree = "<group>"; };
		A46CF00621707AFF00FF20AF /* BaseViewModeling.swift */ = {isa = PBXFileReference; lastKnownFileType = sourcecode.swift; path = BaseViewModeling.swift; sourceTree = "<group>"; };
		A47E72E92164966E00303F19 /* MinutelyCell.swift */ = {isa = PBXFileReference; lastKnownFileType = sourcecode.swift; path = MinutelyCell.swift; sourceTree = "<group>"; };
		A47E72EA2164966E00303F19 /* MinutelyCell.xib */ = {isa = PBXFileReference; lastKnownFileType = file.xib; path = MinutelyCell.xib; sourceTree = "<group>"; };
		A47E72ED216499F300303F19 /* UIView+Localization.swift */ = {isa = PBXFileReference; lastKnownFileType = sourcecode.swift; path = "UIView+Localization.swift"; sourceTree = "<group>"; };
		A47E72EF21649A5700303F19 /* LanguageManager.swift */ = {isa = PBXFileReference; lastKnownFileType = sourcecode.swift; path = LanguageManager.swift; sourceTree = "<group>"; };
		A47E72F221649FCC00303F19 /* TableViewCell+ReuseIdentifier.swift */ = {isa = PBXFileReference; lastKnownFileType = sourcecode.swift; path = "TableViewCell+ReuseIdentifier.swift"; sourceTree = "<group>"; };
		A47E72F52164AC0500303F19 /* MinutelyCellListViewModel.swift */ = {isa = PBXFileReference; lastKnownFileType = sourcecode.swift; path = MinutelyCellListViewModel.swift; sourceTree = "<group>"; };
		A47E72F82164B25600303F19 /* BaseVC.swift */ = {isa = PBXFileReference; lastKnownFileType = sourcecode.swift; path = BaseVC.swift; sourceTree = "<group>"; };
		A47E72FA2164B7F900303F19 /* MinutelyCellViewModel.swift */ = {isa = PBXFileReference; lastKnownFileType = sourcecode.swift; path = MinutelyCellViewModel.swift; sourceTree = "<group>"; };
		A47E72FC2164D0E100303F19 /* UIActivityIndicatorView+Loading.swift */ = {isa = PBXFileReference; lastKnownFileType = sourcecode.swift; path = "UIActivityIndicatorView+Loading.swift"; sourceTree = "<group>"; };
		A47E72FE2164E4F800303F19 /* MinutelyDataRepository.swift */ = {isa = PBXFileReference; lastKnownFileType = sourcecode.swift; path = MinutelyDataRepository.swift; sourceTree = "<group>"; };
		A47E7301216736C400303F19 /* TestViewController.swift */ = {isa = PBXFileReference; lastKnownFileType = sourcecode.swift; path = TestViewController.swift; sourceTree = "<group>"; };
		A47E73032167373200303F19 /* TestModel.swift */ = {isa = PBXFileReference; lastKnownFileType = sourcecode.swift; path = TestModel.swift; sourceTree = "<group>"; };
		A47E73052167375300303F19 /* TestViewModel.swift */ = {isa = PBXFileReference; lastKnownFileType = sourcecode.swift; path = TestViewModel.swift; sourceTree = "<group>"; };
		A47E73072167375E00303F19 /* TestRepo.swift */ = {isa = PBXFileReference; lastKnownFileType = sourcecode.swift; path = TestRepo.swift; sourceTree = "<group>"; };
		A4C200DB21633DD100BCAA6C /* Wether.app */ = {isa = PBXFileReference; explicitFileType = wrapper.application; includeInIndex = 0; path = Wether.app; sourceTree = BUILT_PRODUCTS_DIR; };
		A4C200DE21633DD100BCAA6C /* AppDelegate.swift */ = {isa = PBXFileReference; lastKnownFileType = sourcecode.swift; path = AppDelegate.swift; sourceTree = "<group>"; };
		A4C200E021633DD100BCAA6C /* ViewController.swift */ = {isa = PBXFileReference; lastKnownFileType = sourcecode.swift; path = ViewController.swift; sourceTree = "<group>"; };
		A4C200E321633DD100BCAA6C /* Base */ = {isa = PBXFileReference; lastKnownFileType = file.storyboard; name = Base; path = Base.lproj/Main.storyboard; sourceTree = "<group>"; };
		A4C200E521633DD300BCAA6C /* Assets.xcassets */ = {isa = PBXFileReference; lastKnownFileType = folder.assetcatalog; path = Assets.xcassets; sourceTree = "<group>"; };
		A4C200E821633DD300BCAA6C /* Base */ = {isa = PBXFileReference; lastKnownFileType = file.storyboard; name = Base; path = Base.lproj/LaunchScreen.storyboard; sourceTree = "<group>"; };
		A4C200EA21633DD300BCAA6C /* Info.plist */ = {isa = PBXFileReference; lastKnownFileType = text.plist.xml; path = Info.plist; sourceTree = "<group>"; };
		A4C200F32163439800BCAA6C /* JSONDecoder+MultipleLevels.swift */ = {isa = PBXFileReference; fileEncoding = 4; lastKnownFileType = sourcecode.swift; path = "JSONDecoder+MultipleLevels.swift"; sourceTree = "<group>"; };
		A4C200FC2163497500BCAA6C /* Flags.swift */ = {isa = PBXFileReference; lastKnownFileType = sourcecode.swift; path = Flags.swift; sourceTree = "<group>"; };
		A4C200FE21634E9E00BCAA6C /* SimpleWeatherProtocol.swift */ = {isa = PBXFileReference; lastKnownFileType = sourcecode.swift; path = SimpleWeatherProtocol.swift; sourceTree = "<group>"; };
		A4C2010121634FC200BCAA6C /* HourlyWeatherProtocol.swift */ = {isa = PBXFileReference; lastKnownFileType = sourcecode.swift; path = HourlyWeatherProtocol.swift; sourceTree = "<group>"; };
		A4C20103216351A000BCAA6C /* DailyWeatherProtocol.swift */ = {isa = PBXFileReference; lastKnownFileType = sourcecode.swift; path = DailyWeatherProtocol.swift; sourceTree = "<group>"; };
		A4C201062163583600BCAA6C /* CurrentWeather.swift */ = {isa = PBXFileReference; lastKnownFileType = sourcecode.swift; path = CurrentWeather.swift; sourceTree = "<group>"; };
		A4C2010821635C3000BCAA6C /* MinutelyWeather.swift */ = {isa = PBXFileReference; lastKnownFileType = sourcecode.swift; path = MinutelyWeather.swift; sourceTree = "<group>"; };
		A4C2010A21635DE500BCAA6C /* HourlyWeather.swift */ = {isa = PBXFileReference; lastKnownFileType = sourcecode.swift; path = HourlyWeather.swift; sourceTree = "<group>"; };
		A4C2010C21635E8200BCAA6C /* DailyWeather.swift */ = {isa = PBXFileReference; lastKnownFileType = sourcecode.swift; path = DailyWeather.swift; sourceTree = "<group>"; };
		A4C2010F21636A1800BCAA6C /* DataRepository.swift */ = {isa = PBXFileReference; lastKnownFileType = sourcecode.swift; path = DataRepository.swift; sourceTree = "<group>"; };
		A4C20111216380F400BCAA6C /* WetherData.swift */ = {isa = PBXFileReference; lastKnownFileType = sourcecode.swift; path = WetherData.swift; sourceTree = "<group>"; };
		A4C201132163841100BCAA6C /* SimpleTimelyWetherProtocol.swift */ = {isa = PBXFileReference; lastKnownFileType = sourcecode.swift; path = SimpleTimelyWetherProtocol.swift; sourceTree = "<group>"; };
		A4FDDC192170DFE900FFED13 /* CustomInteractor.swift */ = {isa = PBXFileReference; lastKnownFileType = sourcecode.swift; path = CustomInteractor.swift; sourceTree = "<group>"; };
		A4FF2C81217489CF00759F00 /* TestDataModel.xcdatamodel */ = {isa = PBXFileReference; lastKnownFileType = wrapper.xcdatamodel; path = TestDataModel.xcdatamodel; sourceTree = "<group>"; };
		A4FF2C8F2174A7C200759F00 /* CoreDataManager.swift */ = {isa = PBXFileReference; lastKnownFileType = sourcecode.swift; path = CoreDataManager.swift; sourceTree = "<group>"; };
		A4FF2C932174B64500759F00 /* Reachability.swift */ = {isa = PBXFileReference; fileEncoding = 4; lastKnownFileType = sourcecode.swift; path = Reachability.swift; sourceTree = "<group>"; };
		A4FF2C942174B64500759F00 /* ReachabilityService.swift */ = {isa = PBXFileReference; fileEncoding = 4; lastKnownFileType = sourcecode.swift; path = ReachabilityService.swift; sourceTree = "<group>"; };
		A4FF2C972174D6AC00759F00 /* Video+CoreDataProperties.swift */ = {isa = PBXFileReference; fileEncoding = 4; lastKnownFileType = sourcecode.swift; path = "Video+CoreDataProperties.swift"; sourceTree = "<group>"; };
		A4FF2C992174D6C500759F00 /* Video+CoreDataClass.swift */ = {isa = PBXFileReference; fileEncoding = 4; lastKnownFileType = sourcecode.swift; path = "Video+CoreDataClass.swift"; sourceTree = "<group>"; };
		A4FF2C9B2174D6DB00759F00 /* ThumbnailSize+CoreDataProperties.swift */ = {isa = PBXFileReference; fileEncoding = 4; lastKnownFileType = sourcecode.swift; path = "ThumbnailSize+CoreDataProperties.swift"; sourceTree = "<group>"; };
		A4FF2C9D2174D6E200759F00 /* ThumbnailSize+CoreDataClass.swift */ = {isa = PBXFileReference; fileEncoding = 4; lastKnownFileType = sourcecode.swift; path = "ThumbnailSize+CoreDataClass.swift"; sourceTree = "<group>"; };
		A4FF2C9F2174D70200759F00 /* Creator+CoreDataProperties.swift */ = {isa = PBXFileReference; fileEncoding = 4; lastKnownFileType = sourcecode.swift; path = "Creator+CoreDataProperties.swift"; sourceTree = "<group>"; };
		A4FF2CA12174D70A00759F00 /* Creator+CoreDataClass.swift */ = {isa = PBXFileReference; fileEncoding = 4; lastKnownFileType = sourcecode.swift; path = "Creator+CoreDataClass.swift"; sourceTree = "<group>"; };
		AABA725AD5677049FA334DDE /* Pods-Wether.debug.xcconfig */ = {isa = PBXFileReference; includeInIndex = 1; lastKnownFileType = text.xcconfig; name = "Pods-Wether.debug.xcconfig"; path = "Pods/Target Support Files/Pods-Wether/Pods-Wether.debug.xcconfig"; sourceTree = "<group>"; };
		E4719B9B72674AF0790EB625 /* Pods-Wether.release.xcconfig */ = {isa = PBXFileReference; includeInIndex = 1; lastKnownFileType = text.xcconfig; name = "Pods-Wether.release.xcconfig"; path = "Pods/Target Support Files/Pods-Wether/Pods-Wether.release.xcconfig"; sourceTree = "<group>"; };
/* End PBXFileReference section */

/* Begin PBXFrameworksBuildPhase section */
		A4C200D821633DD100BCAA6C /* Frameworks */ = {
			isa = PBXFrameworksBuildPhase;
			buildActionMask = 2147483647;
			files = (
				AA34A0BB9EE425AD2B5D6F18 /* Pods_Wether.framework in Frameworks */,
			);
			runOnlyForDeploymentPostprocessing = 0;
		};
/* End PBXFrameworksBuildPhase section */

/* Begin PBXGroup section */
		074BFD9D3D4147E8685E7B21 /* Pods */ = {
			isa = PBXGroup;
			children = (
				AABA725AD5677049FA334DDE /* Pods-Wether.debug.xcconfig */,
				E4719B9B72674AF0790EB625 /* Pods-Wether.release.xcconfig */,
			);
			name = Pods;
			sourceTree = "<group>";
		};
		4677534DDED76EE8A6FBF98A /* Frameworks */ = {
			isa = PBXGroup;
			children = (
				2657E9FEE897D5591A5D829C /* Pods_Wether.framework */,
			);
			name = Frameworks;
			sourceTree = "<group>";
		};
		A41D3DA12163888F00CD242C /* Networking */ = {
			isa = PBXGroup;
			children = (
				A41D3DA2216388A400CD242C /* MoyaService.swift */,
				A41D3DA621638B6900CD242C /* MoyaPlugin.swift */,
			);
			path = Networking;
			sourceTree = "<group>";
		};
		A47E72E62164948F00303F19 /* Cell */ = {
			isa = PBXGroup;
			children = (
				A47E72E92164966E00303F19 /* MinutelyCell.swift */,
				A47E72EA2164966E00303F19 /* MinutelyCell.xib */,
			);
			path = Cell;
			sourceTree = "<group>";
		};
		A47E72F121649A5D00303F19 /* InApp Localization */ = {
			isa = PBXGroup;
			children = (
				A47E72EF21649A5700303F19 /* LanguageManager.swift */,
			);
			path = "InApp Localization";
			sourceTree = "<group>";
		};
		A47E72F42164AAEC00303F19 /* ViewModels */ = {
			isa = PBXGroup;
			children = (
				A47E72F52164AC0500303F19 /* MinutelyCellListViewModel.swift */,
				A47E72FA2164B7F900303F19 /* MinutelyCellViewModel.swift */,
			);
			path = ViewModels;
			sourceTree = "<group>";
		};
		A47E72F72164B24600303F19 /* Viewcontrollers */ = {
			isa = PBXGroup;
			children = (
				A4C200E021633DD100BCAA6C /* ViewController.swift */,
				A47E72F82164B25600303F19 /* BaseVC.swift */,
			);
			path = Viewcontrollers;
			sourceTree = "<group>";
		};
		A47E7300216736AA00303F19 /* Test */ = {
			isa = PBXGroup;
			children = (
				A4FF2C912174A9AB00759F00 /* CoreData */,
				A47E7301216736C400303F19 /* TestViewController.swift */,
				A47E73032167373200303F19 /* TestModel.swift */,
				A47E73052167375300303F19 /* TestViewModel.swift */,
				A47E73072167375E00303F19 /* TestRepo.swift */,
				A46CEFF8216DDBB000FF20AF /* TestTableViewCell.swift */,
				A46CEFF9216DDBB000FF20AF /* TestTableViewCell.xib */,
				A46CEFFC216E0F3400FF20AF /* TestCellModel.swift */,
				A46CEFFE2170714400FF20AF /* CustomPushTransition.swift */,
				A46CF0002170773F00FF20AF /* VidoPreviewViewController.swift */,
				A46CF0012170773F00FF20AF /* VidoPreviewViewController.xib */,
				A46CF00421707A9400FF20AF /* VideoPreviewViewModel.swift */,
				A46CF00621707AFF00FF20AF /* BaseViewModeling.swift */,
				A4FDDC192170DFE900FFED13 /* CustomInteractor.swift */,
			);
			path = Test;
			sourceTree = "<group>";
		};
		A4C200D221633DD100BCAA6C = {
			isa = PBXGroup;
			children = (
				A4C200DD21633DD100BCAA6C /* Wether */,
				A4C200DC21633DD100BCAA6C /* Products */,
				074BFD9D3D4147E8685E7B21 /* Pods */,
				4677534DDED76EE8A6FBF98A /* Frameworks */,
			);
			sourceTree = "<group>";
		};
		A4C200DC21633DD100BCAA6C /* Products */ = {
			isa = PBXGroup;
			children = (
				A4C200DB21633DD100BCAA6C /* Wether.app */,
			);
			name = Products;
			sourceTree = "<group>";
		};
		A4C200DD21633DD100BCAA6C /* Wether */ = {
			isa = PBXGroup;
			children = (
				A4C200F5216343FE00BCAA6C /* Domain */,
				A4C200F12163421200BCAA6C /* General */,
			);
			path = Wether;
			sourceTree = "<group>";
		};
		A4C200F12163421200BCAA6C /* General */ = {
			isa = PBXGroup;
			children = (
				A4C200F62163440D00BCAA6C /* Support Files */,
				A4C200F2216342C400BCAA6C /* Extensions */,
			);
			path = General;
			sourceTree = "<group>";
		};
		A4C200F2216342C400BCAA6C /* Extensions */ = {
			isa = PBXGroup;
			children = (
				A4C200F32163439800BCAA6C /* JSONDecoder+MultipleLevels.swift */,
				A41D3DA421638A1500CD242C /* String+Encoding.swift */,
				A41D3DA821638E1100CD242C /* Optional+Unwraping.swift */,
				A47E72ED216499F300303F19 /* UIView+Localization.swift */,
				A47E72F221649FCC00303F19 /* TableViewCell+ReuseIdentifier.swift */,
				A47E72FC2164D0E100303F19 /* UIActivityIndicatorView+Loading.swift */,
			);
			path = Extensions;
			sourceTree = "<group>";
		};
		A4C200F5216343FE00BCAA6C /* Domain */ = {
			isa = PBXGroup;
			children = (
				A47E7300216736AA00303F19 /* Test */,
				A4C200F82163443D00BCAA6C /* Launch screen */,
				A4C200F72163442200BCAA6C /* Main */,
			);
			path = Domain;
			sourceTree = "<group>";
		};
		A4C200F62163440D00BCAA6C /* Support Files */ = {
			isa = PBXGroup;
			children = (
				A4FF2C922174B59000759F00 /* Reachibility */,
				A47E72F121649A5D00303F19 /* InApp Localization */,
				A4C200E521633DD300BCAA6C /* Assets.xcassets */,
				A4C200DE21633DD100BCAA6C /* AppDelegate.swift */,
				A4C200EA21633DD300BCAA6C /* Info.plist */,
			);
			path = "Support Files";
			sourceTree = "<group>";
		};
		A4C200F72163442200BCAA6C /* Main */ = {
			isa = PBXGroup;
			children = (
				A4C200FB216346AA00BCAA6C /* ViewModel */,
				A4C200FA216346A400BCAA6C /* View */,
				A4C200F92163469800BCAA6C /* Model */,
				A4C200E221633DD100BCAA6C /* Main.storyboard */,
			);
			path = Main;
			sourceTree = "<group>";
		};
		A4C200F82163443D00BCAA6C /* Launch screen */ = {
			isa = PBXGroup;
			children = (
				A4C200E721633DD300BCAA6C /* LaunchScreen.storyboard */,
			);
			path = "Launch screen";
			sourceTree = "<group>";
		};
		A4C200F92163469800BCAA6C /* Model */ = {
			isa = PBXGroup;
			children = (
				A4C201052163561500BCAA6C /* Classes */,
				A4C2010021634F5100BCAA6C /* Protocols */,
				A4C200FC2163497500BCAA6C /* Flags.swift */,
			);
			path = Model;
			sourceTree = "<group>";
		};
		A4C200FA216346A400BCAA6C /* View */ = {
			isa = PBXGroup;
			children = (
				A47E72F72164B24600303F19 /* Viewcontrollers */,
				A47E72E62164948F00303F19 /* Cell */,
			);
			path = View;
			sourceTree = "<group>";
		};
		A4C200FB216346AA00BCAA6C /* ViewModel */ = {
			isa = PBXGroup;
			children = (
				A47E72F42164AAEC00303F19 /* ViewModels */,
				A4C2010E2163692400BCAA6C /* Repository */,
			);
			path = ViewModel;
			sourceTree = "<group>";
		};
		A4C2010021634F5100BCAA6C /* Protocols */ = {
			isa = PBXGroup;
			children = (
				A4C200FE21634E9E00BCAA6C /* SimpleWeatherProtocol.swift */,
				A4C2010121634FC200BCAA6C /* HourlyWeatherProtocol.swift */,
				A4C20103216351A000BCAA6C /* DailyWeatherProtocol.swift */,
				A4C201132163841100BCAA6C /* SimpleTimelyWetherProtocol.swift */,
			);
			path = Protocols;
			sourceTree = "<group>";
		};
		A4C201052163561500BCAA6C /* Classes */ = {
			isa = PBXGroup;
			children = (
				A41D3D9D216387EE00CD242C /* DailyWetherData.swift */,
				A41D3D9E216387EE00CD242C /* HourlyWetherData.swift */,
				A41D3D9B2163855C00CD242C /* MinutelyWetherData.swift */,
				A4C201062163583600BCAA6C /* CurrentWeather.swift */,
				A4C2010821635C3000BCAA6C /* MinutelyWeather.swift */,
				A4C2010A21635DE500BCAA6C /* HourlyWeather.swift */,
				A4C2010C21635E8200BCAA6C /* DailyWeather.swift */,
				A4C20111216380F400BCAA6C /* WetherData.swift */,
			);
			path = Classes;
			sourceTree = "<group>";
		};
		A4C2010E2163692400BCAA6C /* Repository */ = {
			isa = PBXGroup;
			children = (
				A41D3DA12163888F00CD242C /* Networking */,
				A4C2010F21636A1800BCAA6C /* DataRepository.swift */,
				A47E72FE2164E4F800303F19 /* MinutelyDataRepository.swift */,
			);
			path = Repository;
			sourceTree = "<group>";
		};
		A4FF2C912174A9AB00759F00 /* CoreData */ = {
			isa = PBXGroup;
			children = (
				A4FF2C80217489CF00759F00 /* TestDataModel.xcdatamodeld */,
				A4FF2C8F2174A7C200759F00 /* CoreDataManager.swift */,
				A4FF2C972174D6AC00759F00 /* Video+CoreDataProperties.swift */,
				A4FF2C992174D6C500759F00 /* Video+CoreDataClass.swift */,
				A4FF2C9B2174D6DB00759F00 /* ThumbnailSize+CoreDataProperties.swift */,
				A4FF2C9D2174D6E200759F00 /* ThumbnailSize+CoreDataClass.swift */,
				A4FF2C9F2174D70200759F00 /* Creator+CoreDataProperties.swift */,
				A4FF2CA12174D70A00759F00 /* Creator+CoreDataClass.swift */,
			);
			path = CoreData;
			sourceTree = "<group>";
		};
		A4FF2C922174B59000759F00 /* Reachibility */ = {
			isa = PBXGroup;
			children = (
				A4FF2C932174B64500759F00 /* Reachability.swift */,
				A4FF2C942174B64500759F00 /* ReachabilityService.swift */,
			);
			path = Reachibility;
			sourceTree = "<group>";
		};
/* End PBXGroup section */

/* Begin PBXNativeTarget section */
		A4C200DA21633DD100BCAA6C /* Wether */ = {
			isa = PBXNativeTarget;
			buildConfigurationList = A4C200ED21633DD300BCAA6C /* Build configuration list for PBXNativeTarget "Wether" */;
			buildPhases = (
				B8999A58E555EB30F172F619 /* [CP] Check Pods Manifest.lock */,
				A4C200D721633DD100BCAA6C /* Sources */,
				A4C200D821633DD100BCAA6C /* Frameworks */,
				A4C200D921633DD100BCAA6C /* Resources */,
				047D53510F91C1BD0707FE0A /* [CP] Embed Pods Frameworks */,
			);
			buildRules = (
			);
			dependencies = (
			);
			name = Wether;
			productName = Wether;
			productReference = A4C200DB21633DD100BCAA6C /* Wether.app */;
			productType = "com.apple.product-type.application";
		};
/* End PBXNativeTarget section */

/* Begin PBXProject section */
		A4C200D321633DD100BCAA6C /* Project object */ = {
			isa = PBXProject;
			attributes = {
				LastSwiftUpdateCheck = 1000;
				LastUpgradeCheck = 1000;
				ORGANIZATIONNAME = "Hovhannes Stepanyan";
				TargetAttributes = {
					A4C200DA21633DD100BCAA6C = {
						CreatedOnToolsVersion = 10.0;
					};
				};
			};
			buildConfigurationList = A4C200D621633DD100BCAA6C /* Build configuration list for PBXProject "Wether" */;
			compatibilityVersion = "Xcode 9.3";
			developmentRegion = en;
			hasScannedForEncodings = 0;
			knownRegions = (
				en,
				Base,
			);
			mainGroup = A4C200D221633DD100BCAA6C;
			productRefGroup = A4C200DC21633DD100BCAA6C /* Products */;
			projectDirPath = "";
			projectRoot = "";
			targets = (
				A4C200DA21633DD100BCAA6C /* Wether */,
			);
		};
/* End PBXProject section */

/* Begin PBXResourcesBuildPhase section */
		A4C200D921633DD100BCAA6C /* Resources */ = {
			isa = PBXResourcesBuildPhase;
			buildActionMask = 2147483647;
			files = (
				A47E72EC2164966E00303F19 /* MinutelyCell.xib in Resources */,
				A4C200E921633DD300BCAA6C /* LaunchScreen.storyboard in Resources */,
				A4C200E621633DD300BCAA6C /* Assets.xcassets in Resources */,
				A46CF0032170773F00FF20AF /* VidoPreviewViewController.xib in Resources */,
				A46CEFFB216DDBB000FF20AF /* TestTableViewCell.xib in Resources */,
				A4C200E421633DD100BCAA6C /* Main.storyboard in Resources */,
			);
			runOnlyForDeploymentPostprocessing = 0;
		};
/* End PBXResourcesBuildPhase section */

/* Begin PBXShellScriptBuildPhase section */
		047D53510F91C1BD0707FE0A /* [CP] Embed Pods Frameworks */ = {
			isa = PBXShellScriptBuildPhase;
			buildActionMask = 2147483647;
			files = (
			);
			inputPaths = (
				"${SRCROOT}/Pods/Target Support Files/Pods-Wether/Pods-Wether-frameworks.sh",
				"${BUILT_PRODUCTS_DIR}/Alamofire/Alamofire.framework",
				"${BUILT_PRODUCTS_DIR}/Differentiator/Differentiator.framework",
				"${BUILT_PRODUCTS_DIR}/Moya/Moya.framework",
				"${BUILT_PRODUCTS_DIR}/Result/Result.framework",
				"${BUILT_PRODUCTS_DIR}/RxCocoa/RxCocoa.framework",
				"${BUILT_PRODUCTS_DIR}/RxDataSources/RxDataSources.framework",
				"${BUILT_PRODUCTS_DIR}/RxSwift/RxSwift.framework",
				"${BUILT_PRODUCTS_DIR}/SDWebImage/SDWebImage.framework",
			);
			name = "[CP] Embed Pods Frameworks";
			outputPaths = (
				"${TARGET_BUILD_DIR}/${FRAMEWORKS_FOLDER_PATH}/Alamofire.framework",
				"${TARGET_BUILD_DIR}/${FRAMEWORKS_FOLDER_PATH}/Differentiator.framework",
				"${TARGET_BUILD_DIR}/${FRAMEWORKS_FOLDER_PATH}/Moya.framework",
				"${TARGET_BUILD_DIR}/${FRAMEWORKS_FOLDER_PATH}/Result.framework",
				"${TARGET_BUILD_DIR}/${FRAMEWORKS_FOLDER_PATH}/RxCocoa.framework",
				"${TARGET_BUILD_DIR}/${FRAMEWORKS_FOLDER_PATH}/RxDataSources.framework",
				"${TARGET_BUILD_DIR}/${FRAMEWORKS_FOLDER_PATH}/RxSwift.framework",
				"${TARGET_BUILD_DIR}/${FRAMEWORKS_FOLDER_PATH}/SDWebImage.framework",
			);
			runOnlyForDeploymentPostprocessing = 0;
			shellPath = /bin/sh;
			shellScript = "\"${SRCROOT}/Pods/Target Support Files/Pods-Wether/Pods-Wether-frameworks.sh\"\n";
			showEnvVarsInLog = 0;
		};
		B8999A58E555EB30F172F619 /* [CP] Check Pods Manifest.lock */ = {
			isa = PBXShellScriptBuildPhase;
			buildActionMask = 2147483647;
			files = (
			);
			inputPaths = (
				"${PODS_PODFILE_DIR_PATH}/Podfile.lock",
				"${PODS_ROOT}/Manifest.lock",
			);
			name = "[CP] Check Pods Manifest.lock";
			outputPaths = (
				"$(DERIVED_FILE_DIR)/Pods-Wether-checkManifestLockResult.txt",
			);
			runOnlyForDeploymentPostprocessing = 0;
			shellPath = /bin/sh;
			shellScript = "diff \"${PODS_PODFILE_DIR_PATH}/Podfile.lock\" \"${PODS_ROOT}/Manifest.lock\" > /dev/null\nif [ $? != 0 ] ; then\n    # print error to STDERR\n    echo \"error: The sandbox is not in sync with the Podfile.lock. Run 'pod install' or update your CocoaPods installation.\" >&2\n    exit 1\nfi\n# This output is used by Xcode 'outputs' to avoid re-running this script phase.\necho \"SUCCESS\" > \"${SCRIPT_OUTPUT_FILE_0}\"\n";
			showEnvVarsInLog = 0;
		};
/* End PBXShellScriptBuildPhase section */

/* Begin PBXSourcesBuildPhase section */
		A4C200D721633DD100BCAA6C /* Sources */ = {
			isa = PBXSourcesBuildPhase;
			buildActionMask = 2147483647;
			files = (
				A41D3DA521638A1500CD242C /* String+Encoding.swift in Sources */,
				A41D3D9C2163855C00CD242C /* MinutelyWetherData.swift in Sources */,
				A41D3DA3216388A400CD242C /* MoyaService.swift in Sources */,
				A47E73062167375300303F19 /* TestViewModel.swift in Sources */,
				A47E72FD2164D0E100303F19 /* UIActivityIndicatorView+Loading.swift in Sources */,
				A4FF2CA22174D70A00759F00 /* Creator+CoreDataClass.swift in Sources */,
				A47E72F321649FCC00303F19 /* TableViewCell+ReuseIdentifier.swift in Sources */,
				A47E72F92164B25600303F19 /* BaseVC.swift in Sources */,
				A46CEFFD216E0F3500FF20AF /* TestCellModel.swift in Sources */,
				A47E72FF2164E4F800303F19 /* MinutelyDataRepository.swift in Sources */,
				A46CF0022170773F00FF20AF /* VidoPreviewViewController.swift in Sources */,
				A4C200FF21634E9E00BCAA6C /* SimpleWeatherProtocol.swift in Sources */,
				A4C2010221634FC200BCAA6C /* HourlyWeatherProtocol.swift in Sources */,
				A4FF2C9E2174D6E200759F00 /* ThumbnailSize+CoreDataClass.swift in Sources */,
				A4C201072163583600BCAA6C /* CurrentWeather.swift in Sources */,
				A4C2010B21635DE500BCAA6C /* HourlyWeather.swift in Sources */,
				A4C200F42163439800BCAA6C /* JSONDecoder+MultipleLevels.swift in Sources */,
				A47E72EB2164966E00303F19 /* MinutelyCell.swift in Sources */,
				A4FF2C902174A7C200759F00 /* CoreDataManager.swift in Sources */,
				A4C2010D21635E8200BCAA6C /* DailyWeather.swift in Sources */,
				A4C201142163841100BCAA6C /* SimpleTimelyWetherProtocol.swift in Sources */,
				A47E72FB2164B7F900303F19 /* MinutelyCellViewModel.swift in Sources */,
				A4FF2CA02174D70300759F00 /* Creator+CoreDataProperties.swift in Sources */,
				A4FDDC1A2170DFE900FFED13 /* CustomInteractor.swift in Sources */,
				A4C200E121633DD100BCAA6C /* ViewController.swift in Sources */,
				A41D3DA921638E1100CD242C /* Optional+Unwraping.swift in Sources */,
				A4FF2C9A2174D6C500759F00 /* Video+CoreDataClass.swift in Sources */,
				A4FF2C9C2174D6DB00759F00 /* ThumbnailSize+CoreDataProperties.swift in Sources */,
				A4FF2C962174B64500759F00 /* ReachabilityService.swift in Sources */,
				A46CEFFA216DDBB000FF20AF /* TestTableViewCell.swift in Sources */,
				A4C20104216351A000BCAA6C /* DailyWeatherProtocol.swift in Sources */,
				A41D3DA721638B6900CD242C /* MoyaPlugin.swift in Sources */,
				A47E72F021649A5700303F19 /* LanguageManager.swift in Sources */,
				A47E72EE216499F300303F19 /* UIView+Localization.swift in Sources */,
				A41D3DA0216387EE00CD242C /* HourlyWetherData.swift in Sources */,
				A46CF00521707A9400FF20AF /* VideoPreviewViewModel.swift in Sources */,
				A47E73042167373200303F19 /* TestModel.swift in Sources */,
				A47E73082167375E00303F19 /* TestRepo.swift in Sources */,
				A46CF00721707AFF00FF20AF /* BaseViewModeling.swift in Sources */,
				A47E7302216736C400303F19 /* TestViewController.swift in Sources */,
				A4FF2C982174D6AC00759F00 /* Video+CoreDataProperties.swift in Sources */,
				A4FF2C82217489CF00759F00 /* TestDataModel.xcdatamodeld in Sources */,
				A47E72F62164AC0500303F19 /* MinutelyCellListViewModel.swift in Sources */,
				A4C2010921635C3000BCAA6C /* MinutelyWeather.swift in Sources */,
				A46CEFFF2170714400FF20AF /* CustomPushTransition.swift in Sources */,
				A4C2011021636A1800BCAA6C /* DataRepository.swift in Sources */,
				A41D3D9F216387EE00CD242C /* DailyWetherData.swift in Sources */,
				A4C200DF21633DD100BCAA6C /* AppDelegate.swift in Sources */,
				A4C20112216380F400BCAA6C /* WetherData.swift in Sources */,
				A4FF2C952174B64500759F00 /* Reachability.swift in Sources */,
				A4C200FD2163497500BCAA6C /* Flags.swift in Sources */,
			);
			runOnlyForDeploymentPostprocessing = 0;
		};
/* End PBXSourcesBuildPhase section */

/* Begin PBXVariantGroup section */
		A4C200E221633DD100BCAA6C /* Main.storyboard */ = {
			isa = PBXVariantGroup;
			children = (
				A4C200E321633DD100BCAA6C /* Base */,
			);
			name = Main.storyboard;
			sourceTree = "<group>";
		};
		A4C200E721633DD300BCAA6C /* LaunchScreen.storyboard */ = {
			isa = PBXVariantGroup;
			children = (
				A4C200E821633DD300BCAA6C /* Base */,
			);
			name = LaunchScreen.storyboard;
			sourceTree = "<group>";
		};
/* End PBXVariantGroup section */

/* Begin XCBuildConfiguration section */
		A4C200EB21633DD300BCAA6C /* Debug */ = {
			isa = XCBuildConfiguration;
			buildSettings = {
				ALWAYS_SEARCH_USER_PATHS = NO;
				CLANG_ANALYZER_NONNULL = YES;
				CLANG_ANALYZER_NUMBER_OBJECT_CONVERSION = YES_AGGRESSIVE;
				CLANG_CXX_LANGUAGE_STANDARD = "gnu++14";
				CLANG_CXX_LIBRARY = "libc++";
				CLANG_ENABLE_MODULES = YES;
				CLANG_ENABLE_OBJC_ARC = YES;
				CLANG_ENABLE_OBJC_WEAK = YES;
				CLANG_WARN_BLOCK_CAPTURE_AUTORELEASING = YES;
				CLANG_WARN_BOOL_CONVERSION = YES;
				CLANG_WARN_COMMA = YES;
				CLANG_WARN_CONSTANT_CONVERSION = YES;
				CLANG_WARN_DEPRECATED_OBJC_IMPLEMENTATIONS = YES;
				CLANG_WARN_DIRECT_OBJC_ISA_USAGE = YES_ERROR;
				CLANG_WARN_DOCUMENTATION_COMMENTS = YES;
				CLANG_WARN_EMPTY_BODY = YES;
				CLANG_WARN_ENUM_CONVERSION = YES;
				CLANG_WARN_INFINITE_RECURSION = YES;
				CLANG_WARN_INT_CONVERSION = YES;
				CLANG_WARN_NON_LITERAL_NULL_CONVERSION = YES;
				CLANG_WARN_OBJC_IMPLICIT_RETAIN_SELF = YES;
				CLANG_WARN_OBJC_LITERAL_CONVERSION = YES;
				CLANG_WARN_OBJC_ROOT_CLASS = YES_ERROR;
				CLANG_WARN_RANGE_LOOP_ANALYSIS = YES;
				CLANG_WARN_STRICT_PROTOTYPES = YES;
				CLANG_WARN_SUSPICIOUS_MOVE = YES;
				CLANG_WARN_UNGUARDED_AVAILABILITY = YES_AGGRESSIVE;
				CLANG_WARN_UNREACHABLE_CODE = YES;
				CLANG_WARN__DUPLICATE_METHOD_MATCH = YES;
				CODE_SIGN_IDENTITY = "iPhone Developer";
				COPY_PHASE_STRIP = NO;
				DEBUG_INFORMATION_FORMAT = dwarf;
				ENABLE_STRICT_OBJC_MSGSEND = YES;
				ENABLE_TESTABILITY = YES;
				GCC_C_LANGUAGE_STANDARD = gnu11;
				GCC_DYNAMIC_NO_PIC = NO;
				GCC_NO_COMMON_BLOCKS = YES;
				GCC_OPTIMIZATION_LEVEL = 0;
				GCC_PREPROCESSOR_DEFINITIONS = (
					"DEBUG=1",
					"$(inherited)",
				);
				GCC_WARN_64_TO_32_BIT_CONVERSION = YES;
				GCC_WARN_ABOUT_RETURN_TYPE = YES_ERROR;
				GCC_WARN_UNDECLARED_SELECTOR = YES;
				GCC_WARN_UNINITIALIZED_AUTOS = YES_AGGRESSIVE;
				GCC_WARN_UNUSED_FUNCTION = YES;
				GCC_WARN_UNUSED_VARIABLE = YES;
				IPHONEOS_DEPLOYMENT_TARGET = 12.0;
				MTL_ENABLE_DEBUG_INFO = INCLUDE_SOURCE;
				MTL_FAST_MATH = YES;
				ONLY_ACTIVE_ARCH = YES;
				SDKROOT = iphoneos;
				SWIFT_ACTIVE_COMPILATION_CONDITIONS = DEBUG;
				SWIFT_OPTIMIZATION_LEVEL = "-Onone";
				SWIFT_VERSION = "";
			};
			name = Debug;
		};
		A4C200EC21633DD300BCAA6C /* Release */ = {
			isa = XCBuildConfiguration;
			buildSettings = {
				ALWAYS_SEARCH_USER_PATHS = NO;
				CLANG_ANALYZER_NONNULL = YES;
				CLANG_ANALYZER_NUMBER_OBJECT_CONVERSION = YES_AGGRESSIVE;
				CLANG_CXX_LANGUAGE_STANDARD = "gnu++14";
				CLANG_CXX_LIBRARY = "libc++";
				CLANG_ENABLE_MODULES = YES;
				CLANG_ENABLE_OBJC_ARC = YES;
				CLANG_ENABLE_OBJC_WEAK = YES;
				CLANG_WARN_BLOCK_CAPTURE_AUTORELEASING = YES;
				CLANG_WARN_BOOL_CONVERSION = YES;
				CLANG_WARN_COMMA = YES;
				CLANG_WARN_CONSTANT_CONVERSION = YES;
				CLANG_WARN_DEPRECATED_OBJC_IMPLEMENTATIONS = YES;
				CLANG_WARN_DIRECT_OBJC_ISA_USAGE = YES_ERROR;
				CLANG_WARN_DOCUMENTATION_COMMENTS = YES;
				CLANG_WARN_EMPTY_BODY = YES;
				CLANG_WARN_ENUM_CONVERSION = YES;
				CLANG_WARN_INFINITE_RECURSION = YES;
				CLANG_WARN_INT_CONVERSION = YES;
				CLANG_WARN_NON_LITERAL_NULL_CONVERSION = YES;
				CLANG_WARN_OBJC_IMPLICIT_RETAIN_SELF = YES;
				CLANG_WARN_OBJC_LITERAL_CONVERSION = YES;
				CLANG_WARN_OBJC_ROOT_CLASS = YES_ERROR;
				CLANG_WARN_RANGE_LOOP_ANALYSIS = YES;
				CLANG_WARN_STRICT_PROTOTYPES = YES;
				CLANG_WARN_SUSPICIOUS_MOVE = YES;
				CLANG_WARN_UNGUARDED_AVAILABILITY = YES_AGGRESSIVE;
				CLANG_WARN_UNREACHABLE_CODE = YES;
				CLANG_WARN__DUPLICATE_METHOD_MATCH = YES;
				CODE_SIGN_IDENTITY = "iPhone Developer";
				COPY_PHASE_STRIP = NO;
				DEBUG_INFORMATION_FORMAT = "dwarf-with-dsym";
				ENABLE_NS_ASSERTIONS = NO;
				ENABLE_STRICT_OBJC_MSGSEND = YES;
				GCC_C_LANGUAGE_STANDARD = gnu11;
				GCC_NO_COMMON_BLOCKS = YES;
				GCC_WARN_64_TO_32_BIT_CONVERSION = YES;
				GCC_WARN_ABOUT_RETURN_TYPE = YES_ERROR;
				GCC_WARN_UNDECLARED_SELECTOR = YES;
				GCC_WARN_UNINITIALIZED_AUTOS = YES_AGGRESSIVE;
				GCC_WARN_UNUSED_FUNCTION = YES;
				GCC_WARN_UNUSED_VARIABLE = YES;
				IPHONEOS_DEPLOYMENT_TARGET = 12.0;
				MTL_ENABLE_DEBUG_INFO = NO;
				MTL_FAST_MATH = YES;
				SDKROOT = iphoneos;
				SWIFT_COMPILATION_MODE = wholemodule;
				SWIFT_OPTIMIZATION_LEVEL = "-O";
				SWIFT_VERSION = "";
				VALIDATE_PRODUCT = YES;
			};
			name = Release;
		};
		A4C200EE21633DD300BCAA6C /* Debug */ = {
			isa = XCBuildConfiguration;
			baseConfigurationReference = AABA725AD5677049FA334DDE /* Pods-Wether.debug.xcconfig */;
			buildSettings = {
				ASSETCATALOG_COMPILER_APPICON_NAME = AppIcon;
				CODE_SIGN_STYLE = Automatic;
				INFOPLIST_FILE = "Wether/General/Support Files/Info.plist";
				IPHONEOS_DEPLOYMENT_TARGET = 10.0;
				LD_RUNPATH_SEARCH_PATHS = (
					"$(inherited)",
					"@executable_path/Frameworks",
				);
				PRODUCT_BUNDLE_IDENTIFIER = com.hovhannesstepanyan.Wether;
				PRODUCT_NAME = "$(TARGET_NAME)";
				SWIFT_VERSION = 4.2;
				TARGETED_DEVICE_FAMILY = "1,2";
			};
			name = Debug;
		};
		A4C200EF21633DD300BCAA6C /* Release */ = {
			isa = XCBuildConfiguration;
			baseConfigurationReference = E4719B9B72674AF0790EB625 /* Pods-Wether.release.xcconfig */;
			buildSettings = {
				ASSETCATALOG_COMPILER_APPICON_NAME = AppIcon;
				CODE_SIGN_STYLE = Automatic;
				INFOPLIST_FILE = "Wether/General/Support Files/Info.plist";
				IPHONEOS_DEPLOYMENT_TARGET = 10.0;
				LD_RUNPATH_SEARCH_PATHS = (
					"$(inherited)",
					"@executable_path/Frameworks",
				);
				PRODUCT_BUNDLE_IDENTIFIER = com.hovhannesstepanyan.Wether;
				PRODUCT_NAME = "$(TARGET_NAME)";
				SWIFT_VERSION = 4.2;
				TARGETED_DEVICE_FAMILY = "1,2";
			};
			name = Release;
		};
/* End XCBuildConfiguration section */

/* Begin XCConfigurationList section */
		A4C200D621633DD100BCAA6C /* Build configuration list for PBXProject "Wether" */ = {
			isa = XCConfigurationList;
			buildConfigurations = (
				A4C200EB21633DD300BCAA6C /* Debug */,
				A4C200EC21633DD300BCAA6C /* Release */,
			);
			defaultConfigurationIsVisible = 0;
			defaultConfigurationName = Release;
		};
		A4C200ED21633DD300BCAA6C /* Build configuration list for PBXNativeTarget "Wether" */ = {
			isa = XCConfigurationList;
			buildConfigurations = (
				A4C200EE21633DD300BCAA6C /* Debug */,
				A4C200EF21633DD300BCAA6C /* Release */,
			);
			defaultConfigurationIsVisible = 0;
			defaultConfigurationName = Release;
		};
/* End XCConfigurationList section */

/* Begin XCVersionGroup section */
		A4FF2C80217489CF00759F00 /* TestDataModel.xcdatamodeld */ = {
			isa = XCVersionGroup;
			children = (
				A4FF2C81217489CF00759F00 /* TestDataModel.xcdatamodel */,
			);
			currentVersion = A4FF2C81217489CF00759F00 /* TestDataModel.xcdatamodel */;
			path = TestDataModel.xcdatamodeld;
			sourceTree = "<group>";
			versionGroupType = wrapper.xcdatamodel;
		};
/* End XCVersionGroup section */
	};
	rootObject = A4C200D321633DD100BCAA6C /* Project object */;
}
